
Microsoft Visual Studio Solution File, Format Version 12.00
# Visual Studio Version 16
VisualStudioVersion = 16.0.30907.101
MinimumVisualStudioVersion = 10.0.40219.1
Project("{FAE04EC0-301F-11D3-BF4B-00C04F79EFBC}") = "Lab3_1", "Lab3_1\Lab3_1.csproj", "{2C7E6BDC-E24C-4808-8C6A-5E46C81D4AE3}"
EndProject
Project("{FAE04EC0-301F-11D3-BF4B-00C04F79EFBC}") = "Lab3_2", "Lab3_2\Lab3_2.csproj", "{1D9FBB5D-AEA4-4829-BB0B-D4879B770B33}"
EndProject
Project("{FAE04EC0-301F-11D3-BF4B-00C04F79EFBC}") = "Lab3_3", "Lab3_3\Lab3_3.csproj", "{28FFA807-90B7-4239-AE34-9DB696D7144E}"
EndProject
Global
	GlobalSection(SolutionConfigurationPlatforms) = preSolution
		Debug|Any CPU = Debug|Any CPU
		Release|Any CPU = Release|Any CPU
	EndGlobalSection
	GlobalSection(ProjectConfigurationPlatforms) = postSolution
		{2C7E6BDC-E24C-4808-8C6A-5E46C81D4AE3}.Debug|Any CPU.ActiveCfg = Debug|Any CPU
		{2C7E6BDC-E24C-4808-8C6A-5E46C81D4AE3}.Debug|Any CPU.Build.0 = Debug|Any CPU
		{2C7E6BDC-E24C-4808-8C6A-5E46C81D4AE3}.Release|Any CPU.ActiveCfg = Release|Any CPU
		{2C7E6BDC-E24C-4808-8C6A-5E46C81D4AE3}.Release|Any CPU.Build.0 = Release|Any CPU
		{1D9FBB5D-AEA4-4829-BB0B-D4879B770B33}.Debug|Any CPU.ActiveCfg = Debug|Any CPU
		{1D9FBB5D-AEA4-4829-BB0B-D4879B770B33}.Debug|Any CPU.Build.0 = Debug|Any CPU
		{1D9FBB5D-AEA4-4829-BB0B-D4879B770B33}.Release|Any CPU.ActiveCfg = Release|Any CPU
		{1D9FBB5D-AEA4-4829-BB0B-D4879B770B33}.Release|Any CPU.Build.0 = Release|Any CPU
		{28FFA807-90B7-4239-AE34-9DB696D7144E}.Debug|Any CPU.ActiveCfg = Debug|Any CPU
		{28FFA807-90B7-4239-AE34-9DB696D7144E}.Debug|Any CPU.Build.0 = Debug|Any CPU
		{28FFA807-90B7-4239-AE34-9DB696D7144E}.Release|Any CPU.ActiveCfg = Release|Any CPU
		{28FFA807-90B7-4239-AE34-9DB696D7144E}.Release|Any CPU.Build.0 = Release|Any CPU
	EndGlobalSection
	GlobalSection(SolutionProperties) = preSolution
		HideSolutionNode = FALSE
	EndGlobalSection
	GlobalSection(ExtensibilityGlobals) = postSolution
		SolutionGuid = {CEA90722-FDEE-4D3B-AC0D-1B7B9C549991}
	EndGlobalSection
EndGlobal
